
Microsoft Visual Studio Solution File, Format Version 12.00
# Visual Studio Version 17
VisualStudioVersion = 17.4.33205.214
MinimumVisualStudioVersion = 10.0.40219.1
Project("{FAE04EC0-301F-11D3-BF4B-00C04F79EFBC}") = "P01TypyNullable", "P01TypyNullable\P01TypyNullable.csproj", "{18C4A117-CD2A-4F38-9CCD-27874A2C0997}"
EndProject
Project("{FAE04EC0-301F-11D3-BF4B-00C04F79EFBC}") = "P02Petle", "P02Petle\P02Petle.csproj", "{87859351-843F-42E0-94A4-907375BA0C99}"
EndProject
Project("{FAE04EC0-301F-11D3-BF4B-00C04F79EFBC}") = "P03PetleNieskonczone", "P03PetleNieskonczone\P03PetleNieskonczone.csproj", "{111E649D-0BE6-4FA0-A947-AB83A038D943}"
EndProject
Project("{FAE04EC0-301F-11D3-BF4B-00C04F79EFBC}") = "P04ZadaniePetle", "P04ZadaniePetle\P04ZadaniePetle.csproj", "{D9541DBE-109E-44F0-9AA5-7F4FFC359422}"
EndProject
Project("{FAE04EC0-301F-11D3-BF4B-00C04F79EFBC}") = "P05ZadaniePogoda", "P05ZadaniePogoda\P05ZadaniePogoda.csproj", "{EC026AF0-48DF-4669-BAEA-D2A71DB7A2BF}"
EndProject
Project("{FAE04EC0-301F-11D3-BF4B-00C04F79EFBC}") = "P06Tablice", "P06Tablice\P06Tablice.csproj", "{40AF3D94-ED00-4FDC-8259-71A1C84FF29A}"
EndProject
Project("{FAE04EC0-301F-11D3-BF4B-00C04F79EFBC}") = "P06PetleITablice", "P06PetleITablice\P06PetleITablice.csproj", "{48A71B87-B6C2-4EDC-BC59-5E998499ABEA}"
EndProject
Project("{FAE04EC0-301F-11D3-BF4B-00C04F79EFBC}") = "P07ZadanieTablice", "P07ZadanieTablice\P07ZadanieTablice.csproj", "{9EB5BB3A-4D58-4861-8EA4-3FA8F1860468}"
EndProject
Project("{FAE04EC0-301F-11D3-BF4B-00C04F79EFBC}") = "P08TabliceINapisy", "P08TabliceINapisy\P08TabliceINapisy.csproj", "{BCDCBEF8-5AF2-48FB-8E6B-A8219DA6C112}"
EndProject
Global
	GlobalSection(SolutionConfigurationPlatforms) = preSolution
		Debug|Any CPU = Debug|Any CPU
		Release|Any CPU = Release|Any CPU
	EndGlobalSection
	GlobalSection(ProjectConfigurationPlatforms) = postSolution
		{18C4A117-CD2A-4F38-9CCD-27874A2C0997}.Debug|Any CPU.ActiveCfg = Debug|Any CPU
		{18C4A117-CD2A-4F38-9CCD-27874A2C0997}.Debug|Any CPU.Build.0 = Debug|Any CPU
		{18C4A117-CD2A-4F38-9CCD-27874A2C0997}.Release|Any CPU.ActiveCfg = Release|Any CPU
		{18C4A117-CD2A-4F38-9CCD-27874A2C0997}.Release|Any CPU.Build.0 = Release|Any CPU
		{87859351-843F-42E0-94A4-907375BA0C99}.Debug|Any CPU.ActiveCfg = Debug|Any CPU
		{87859351-843F-42E0-94A4-907375BA0C99}.Debug|Any CPU.Build.0 = Debug|Any CPU
		{87859351-843F-42E0-94A4-907375BA0C99}.Release|Any CPU.ActiveCfg = Release|Any CPU
		{87859351-843F-42E0-94A4-907375BA0C99}.Release|Any CPU.Build.0 = Release|Any CPU
		{111E649D-0BE6-4FA0-A947-AB83A038D943}.Debug|Any CPU.ActiveCfg = Debug|Any CPU
		{111E649D-0BE6-4FA0-A947-AB83A038D943}.Debug|Any CPU.Build.0 = Debug|Any CPU
		{111E649D-0BE6-4FA0-A947-AB83A038D943}.Release|Any CPU.ActiveCfg = Release|Any CPU
		{111E649D-0BE6-4FA0-A947-AB83A038D943}.Release|Any CPU.Build.0 = Release|Any CPU
		{D9541DBE-109E-44F0-9AA5-7F4FFC359422}.Debug|Any CPU.ActiveCfg = Debug|Any CPU
		{D9541DBE-109E-44F0-9AA5-7F4FFC359422}.Debug|Any CPU.Build.0 = Debug|Any CPU
		{D9541DBE-109E-44F0-9AA5-7F4FFC359422}.Release|Any CPU.ActiveCfg = Release|Any CPU
		{D9541DBE-109E-44F0-9AA5-7F4FFC359422}.Release|Any CPU.Build.0 = Release|Any CPU
		{EC026AF0-48DF-4669-BAEA-D2A71DB7A2BF}.Debug|Any CPU.ActiveCfg = Debug|Any CPU
		{EC026AF0-48DF-4669-BAEA-D2A71DB7A2BF}.Debug|Any CPU.Build.0 = Debug|Any CPU
		{EC026AF0-48DF-4669-BAEA-D2A71DB7A2BF}.Release|Any CPU.ActiveCfg = Release|Any CPU
		{EC026AF0-48DF-4669-BAEA-D2A71DB7A2BF}.Release|Any CPU.Build.0 = Release|Any CPU
		{40AF3D94-ED00-4FDC-8259-71A1C84FF29A}.Debug|Any CPU.ActiveCfg = Debug|Any CPU
		{40AF3D94-ED00-4FDC-8259-71A1C84FF29A}.Debug|Any CPU.Build.0 = Debug|Any CPU
		{40AF3D94-ED00-4FDC-8259-71A1C84FF29A}.Release|Any CPU.ActiveCfg = Release|Any CPU
		{40AF3D94-ED00-4FDC-8259-71A1C84FF29A}.Release|Any CPU.Build.0 = Release|Any CPU
		{48A71B87-B6C2-4EDC-BC59-5E998499ABEA}.Debug|Any CPU.ActiveCfg = Debug|Any CPU
		{48A71B87-B6C2-4EDC-BC59-5E998499ABEA}.Debug|Any CPU.Build.0 = Debug|Any CPU
		{48A71B87-B6C2-4EDC-BC59-5E998499ABEA}.Release|Any CPU.ActiveCfg = Release|Any CPU
		{48A71B87-B6C2-4EDC-BC59-5E998499ABEA}.Release|Any CPU.Build.0 = Release|Any CPU
		{9EB5BB3A-4D58-4861-8EA4-3FA8F1860468}.Debug|Any CPU.ActiveCfg = Debug|Any CPU
		{9EB5BB3A-4D58-4861-8EA4-3FA8F1860468}.Debug|Any CPU.Build.0 = Debug|Any CPU
		{9EB5BB3A-4D58-4861-8EA4-3FA8F1860468}.Release|Any CPU.ActiveCfg = Release|Any CPU
		{9EB5BB3A-4D58-4861-8EA4-3FA8F1860468}.Release|Any CPU.Build.0 = Release|Any CPU
		{BCDCBEF8-5AF2-48FB-8E6B-A8219DA6C112}.Debug|Any CPU.ActiveCfg = Debug|Any CPU
		{BCDCBEF8-5AF2-48FB-8E6B-A8219DA6C112}.Debug|Any CPU.Build.0 = Debug|Any CPU
		{BCDCBEF8-5AF2-48FB-8E6B-A8219DA6C112}.Release|Any CPU.ActiveCfg = Release|Any CPU
		{BCDCBEF8-5AF2-48FB-8E6B-A8219DA6C112}.Release|Any CPU.Build.0 = Release|Any CPU
	EndGlobalSection
	GlobalSection(SolutionProperties) = preSolution
		HideSolutionNode = FALSE
	EndGlobalSection
	GlobalSection(ExtensibilityGlobals) = postSolution
		SolutionGuid = {F953660C-F33A-420C-A97B-329316F52F58}
	EndGlobalSection
EndGlobal
